
Microsoft Visual Studio Solution File, Format Version 12.00
# Visual Studio Version 17
VisualStudioVersion = 17.0.32112.339
MinimumVisualStudioVersion = 10.0.40219.1
Project("{FAE04EC0-301F-11D3-BF4B-00C04F79EFBC}") = "EmployeeWage", "EmployeeWage\EmployeeWage.csproj", "{DAF17388-77DC-42CF-9039-8B00D79AAA07}"
EndProject
Global
	GlobalSection(SolutionConfigurationPlatforms) = preSolution
		Debug|Any CPU = Debug|Any CPU
		Release|Any CPU = Release|Any CPU
	EndGlobalSection
	GlobalSection(ProjectConfigurationPlatforms) = postSolution
		{DAF17388-77DC-42CF-9039-8B00D79AAA07}.Debug|Any CPU.ActiveCfg = Debug|Any CPU
		{DAF17388-77DC-42CF-9039-8B00D79AAA07}.Debug|Any CPU.Build.0 = Debug|Any CPU
		{DAF17388-77DC-42CF-9039-8B00D79AAA07}.Release|Any CPU.ActiveCfg = Release|Any CPU
		{DAF17388-77DC-42CF-9039-8B00D79AAA07}.Release|Any CPU.Build.0 = Release|Any CPU
	EndGlobalSection
	GlobalSection(SolutionProperties) = preSolution
		HideSolutionNode = FALSE
	EndGlobalSection
	GlobalSection(ExtensibilityGlobals) = postSolution
		SolutionGuid = {CE0BCB37-CE0E-4A45-98D6-4ED051D3B3C9}
	EndGlobalSection
EndGlobal
